
Microsoft Visual Studio Solution File, Format Version 12.00
# Visual Studio Version 17
VisualStudioVersion = 17.4.33110.190
MinimumVisualStudioVersion = 10.0.40219.1
Project("{FAE04EC0-301F-11D3-BF4B-00C04F79EFBC}") = "DotCatLauncher", "DotCatLauncher\DotCatLauncher.csproj", "{BA022C9D-0B10-476A-8E8C-ADBFA5D9E5E6}"
EndProject
Global
	GlobalSection(SolutionConfigurationPlatforms) = preSolution
		Debug|Any CPU = Debug|Any CPU
		Release|Any CPU = Release|Any CPU
	EndGlobalSection
	GlobalSection(ProjectConfigurationPlatforms) = postSolution
		{BA022C9D-0B10-476A-8E8C-ADBFA5D9E5E6}.Debug|Any CPU.ActiveCfg = Debug|Any CPU
		{BA022C9D-0B10-476A-8E8C-ADBFA5D9E5E6}.Debug|Any CPU.Build.0 = Debug|Any CPU
		{BA022C9D-0B10-476A-8E8C-ADBFA5D9E5E6}.Release|Any CPU.ActiveCfg = Release|Any CPU
		{BA022C9D-0B10-476A-8E8C-ADBFA5D9E5E6}.Release|Any CPU.Build.0 = Release|Any CPU
	EndGlobalSection
	GlobalSection(SolutionProperties) = preSolution
		HideSolutionNode = FALSE
	EndGlobalSection
	GlobalSection(ExtensibilityGlobals) = postSolution
		SolutionGuid = {57F1901A-FC15-489D-A70D-3A7F6E763B1A}
	EndGlobalSection
EndGlobal
